{
  "name": "chess-server",
  "version": "1.0.0",
  "lockfileVersion": 3,
  "requires": true,
  "packages": {
    "": {
      "name": "chess-server",
      "version": "1.0.0",
      "dependencies": {
        "nanoid": "^5.0.0",
        "ws": "^8.16.0"
      }
    },
    "node_modules/nanoid": {
      "version": "5.1.7",
      "resolved": "http://r.npm.sankuai.com/nanoid/download/nanoid-5.1.7.tgz",
      "integrity": "sha1-qfCaTOc7oLiIMK827klma614J7Y=",
      "funding": [
        {
          "type": "github",
          "url": "https://github.com/sponsors/ai"
        }
      ],
      "license": "MIT",
      "bin": {
        "nanoid": "bin/nanoid.js"
      },
      "engines": {
        "node": "^18 || >=20"
      }
    },
    "node_modules/ws": {
      "version": "8.19.0",
      "resolved": "http://r.npm.sankuai.com/ws/download/ws-8.19.0.tgz",
      "integrity": "sha1-3cK9+lua2GAgT1pypIY6iJX9jIs=",
      "license": "MIT",
      "engines": {
        "node": ">=10.0.0"
      },
      "peerDependencies": {
        "bufferutil": "^4.0.1",
        "utf-8-validate": ">=5.0.2"
      },
      "peerDependenciesMeta": {
        "bufferutil": {
          "optional": true
        },
        "utf-8-validate": {
          "optional": true
        }
      }
    }
  }
}
